
Microsoft Visual Studio Solution File, Format Version 12.00
# Visual Studio Version 17
VisualStudioVersion = 17.7.34031.279
MinimumVisualStudioVersion = 10.0.40219.1
Project("{FAE04EC0-301F-11D3-BF4B-00C04F79EFBC}") = "MyServer", "MyServer\MyServer.csproj", "{FF6DD83F-9664-4F9E-B91E-58A57ACCC32F}"
EndProject
Project("{FAE04EC0-301F-11D3-BF4B-00C04F79EFBC}") = "ServerCore", "ServerCore\ServerCore.csproj", "{7F2B2B4C-92E7-4374-8E81-3408930B0FAD}"
EndProject
Global
	GlobalSection(SolutionConfigurationPlatforms) = preSolution
		Debug|Any CPU = Debug|Any CPU
		Release|Any CPU = Release|Any CPU
	EndGlobalSection
	GlobalSection(ProjectConfigurationPlatforms) = postSolution
		{FF6DD83F-9664-4F9E-B91E-58A57ACCC32F}.Debug|Any CPU.ActiveCfg = Debug|Any CPU
		{FF6DD83F-9664-4F9E-B91E-58A57ACCC32F}.Debug|Any CPU.Build.0 = Debug|Any CPU
		{FF6DD83F-9664-4F9E-B91E-58A57ACCC32F}.Release|Any CPU.ActiveCfg = Release|Any CPU
		{FF6DD83F-9664-4F9E-B91E-58A57ACCC32F}.Release|Any CPU.Build.0 = Release|Any CPU
		{7F2B2B4C-92E7-4374-8E81-3408930B0FAD}.Debug|Any CPU.ActiveCfg = Debug|Any CPU
		{7F2B2B4C-92E7-4374-8E81-3408930B0FAD}.Debug|Any CPU.Build.0 = Debug|Any CPU
		{7F2B2B4C-92E7-4374-8E81-3408930B0FAD}.Release|Any CPU.ActiveCfg = Release|Any CPU
		{7F2B2B4C-92E7-4374-8E81-3408930B0FAD}.Release|Any CPU.Build.0 = Release|Any CPU
	EndGlobalSection
	GlobalSection(SolutionProperties) = preSolution
		HideSolutionNode = FALSE
	EndGlobalSection
EndGlobal
